// !$*UTF8*$!
{
	archiveVersion = 1;
	classes = {
	};
	objectVersion = 55;
	objects = {

/* Begin PBXBuildFile section */
		4C26F6E92713EA87005A059E /* UHRModuleSoftMemoryInterface.h in Headers */ = {isa = PBXBuildFile; fileRef = 4C26F6E82713E928005A059E /* UHRModuleSoftMemoryInterface.h */; };
		4C26F6EB2713EC21005A059E /* UHRModuleDispatch.h in Headers */ = {isa = PBXBuildFile; fileRef = 4C26F6EA2713EC21005A059E /* UHRModuleDispatch.h */; };
		4C26F6ED2713EE11005A059E /* UHRModuleDispatchManager.m in Sources */ = {isa = PBXBuildFile; fileRef = 4C26F6EC2713EE11005A059E /* UHRModuleDispatchManager.m */; };
		4C26F7372714E073005A059E /* UHRSoftRamModel.h in Headers */ = {isa = PBXBuildFile; fileRef = 4C26F7352714E073005A059E /* UHRSoftRamModel.h */; };
		4C26F7382714E073005A059E /* UHRSoftRamModel.m in Sources */ = {isa = PBXBuildFile; fileRef = 4C26F7362714E073005A059E /* UHRSoftRamModel.m */; };
		4C26F73A2714E227005A059E /* UHRModuleDispatchManagerTests.m in Sources */ = {isa = PBXBuildFile; fileRef = 4C26F7392714E227005A059E /* UHRModuleDispatchManagerTests.m */; };
		4C26F73C271753C3005A059E /* UHRMemoryInterface.h in Headers */ = {isa = PBXBuildFile; fileRef = 4C26F73B271753C3005A059E /* UHRMemoryInterface.h */; };
		4C5FC86B270EB78200B1C18A /* AppDelegate.m in Sources */ = {isa = PBXBuildFile; fileRef = 4C5FC86A270EB78200B1C18A /* AppDelegate.m */; };
		4C5FC86D270EB78300B1C18A /* Assets.xcassets in Resources */ = {isa = PBXBuildFile; fileRef = 4C5FC86C270EB78300B1C18A /* Assets.xcassets */; };
		4C5FC870270EB78300B1C18A /* MainMenu.xib in Resources */ = {isa = PBXBuildFile; fileRef = 4C5FC86E270EB78300B1C18A /* MainMenu.xib */; };
		4C5FC872270EB78300B1C18A /* main.m in Sources */ = {isa = PBXBuildFile; fileRef = 4C5FC871270EB78300B1C18A /* main.m */; };
		4C5FC89A270EB85300B1C18A /* UHRPeeler.h in Headers */ = {isa = PBXBuildFile; fileRef = 4C5FC899270EB85300B1C18A /* UHRPeeler.h */; };
		4C5FC8AF270EB8BB00B1C18A /* UHRTestBench.h in Headers */ = {isa = PBXBuildFile; fileRef = 4C5FC8AE270EB8BB00B1C18A /* UHRTestBench.h */; };
		4C5FC8B1270EB8BB00B1C18A /* UHRTestBench.m in Sources */ = {isa = PBXBuildFile; fileRef = 4C5FC8B0270EB8BB00B1C18A /* UHRTestBench.m */; };
		4C5FC8B7270EB9E400B1C18A /* UHRModuleInterface.h in Headers */ = {isa = PBXBuildFile; fileRef = 4C5FC8B6270EB9E400B1C18A /* UHRModuleInterface.h */; };
		4C7107A7270EBCD200F2B687 /* UHRTestBenchScript.h in Headers */ = {isa = PBXBuildFile; fileRef = 4C7107A5270EBCD200F2B687 /* UHRTestBenchScript.h */; };
		4C7107A8270EBCD200F2B687 /* UHRTestBenchScript.m in Sources */ = {isa = PBXBuildFile; fileRef = 4C7107A6270EBCD200F2B687 /* UHRTestBenchScript.m */; };
		4C7107AB270F256C00F2B687 /* XCTest.framework in Frameworks */ = {isa = PBXBuildFile; fileRef = 4C7107AA270F256C00F2B687 /* XCTest.framework */; };
		4C7107BE270F5E6B00F2B687 /* libTestBench.dylib in Frameworks */ = {isa = PBXBuildFile; fileRef = 4C5FC8AC270EB8BB00B1C18A /* libTestBench.dylib */; };
		4C7107C4270F5E7200F2B687 /* UHRTestBenchTests.m in Sources */ = {isa = PBXBuildFile; fileRef = 4C7107B3270F425300F2B687 /* UHRTestBenchTests.m */; };
		4C906B83270F850700A9D4E2 /* UHRTestBenchScriptTests.m in Sources */ = {isa = PBXBuildFile; fileRef = 4C906B82270F850700A9D4E2 /* UHRTestBenchScriptTests.m */; };
		4C906B91270FD1B300A9D4E2 /* UHRPeelerTypes.h in Headers */ = {isa = PBXBuildFile; fileRef = 4C906B90270FD1B300A9D4E2 /* UHRPeelerTypes.h */; };
		4C906B9A270FD95E00A9D4E2 /* libPeeler.dylib in Frameworks */ = {isa = PBXBuildFile; fileRef = 4C5FC897270EB85300B1C18A /* libPeeler.dylib */; };
		4C906BA6270FDCD800A9D4E2 /* libc++.tbd in Frameworks */ = {isa = PBXBuildFile; fileRef = 4C906BA5270FDCD800A9D4E2 /* libc++.tbd */; };
		4C906BAA270FDE5800A9D4E2 /* verilator.dylib in Frameworks */ = {isa = PBXBuildFile; fileRef = 4C906BA7270FDE3000A9D4E2 /* verilator.dylib */; };
		4C906BAB270FDE5A00A9D4E2 /* Counter.dylib in Frameworks */ = {isa = PBXBuildFile; fileRef = 4C906BA3270FDC0200A9D4E2 /* Counter.dylib */; };
		4C906BAE270FDE8100A9D4E2 /* UHRModuleCounter.h in Headers */ = {isa = PBXBuildFile; fileRef = 4C906BAC270FDE8100A9D4E2 /* UHRModuleCounter.h */; };
		4C906BAF270FDE8100A9D4E2 /* UHRModuleCounter.m in Sources */ = {isa = PBXBuildFile; fileRef = 4C906BAD270FDE8100A9D4E2 /* UHRModuleCounter.m */; };
		4C906BB0270FE13E00A9D4E2 /* UHRModuleCounterInterface.h in Headers */ = {isa = PBXBuildFile; fileRef = 4C906B8F270FCF0A00A9D4E2 /* UHRModuleCounterInterface.h */; };
		4C906BB2270FE2C000A9D4E2 /* UHRModuleCounterTests.m in Sources */ = {isa = PBXBuildFile; fileRef = 4C906BB1270FE2C000A9D4E2 /* UHRModuleCounterTests.m */; };
		4C906BB3270FE33600A9D4E2 /* libTestBench.dylib in Frameworks */ = {isa = PBXBuildFile; fileRef = 4C5FC8AC270EB8BB00B1C18A /* libTestBench.dylib */; };
		4C906BB8270FE5C400A9D4E2 /* Counter.dylib in Embed Libraries */ = {isa = PBXBuildFile; fileRef = 4C906BA3270FDC0200A9D4E2 /* Counter.dylib */; };
		4C906BBA270FE5C600A9D4E2 /* verilator.dylib in Embed Libraries */ = {isa = PBXBuildFile; fileRef = 4C906BA7270FDE3000A9D4E2 /* verilator.dylib */; };
		4CFA10B4270F714F0061CF37 /* OCMock.framework in Frameworks */ = {isa = PBXBuildFile; fileRef = 4CFA10B3270F714F0061CF37 /* OCMock.framework */; };
/* End PBXBuildFile section */

/* Begin PBXContainerItemProxy section */
		4C7107A3270EBBA800F2B687 /* PBXContainerItemProxy */ = {
			isa = PBXContainerItemProxy;
			containerPortal = 4CE52D67270E96CA008D5981 /* Project object */;
			proxyType = 1;
			remoteGlobalIDString = 4C5FC896270EB85300B1C18A;
			remoteInfo = Peeler;
		};
		4C7107BF270F5E6B00F2B687 /* PBXContainerItemProxy */ = {
			isa = PBXContainerItemProxy;
			containerPortal = 4CE52D67270E96CA008D5981 /* Project object */;
			proxyType = 1;
			remoteGlobalIDString = 4C5FC8AB270EB8BB00B1C18A;
			remoteInfo = TestBench;
		};
		4C906B9B270FD95E00A9D4E2 /* PBXContainerItemProxy */ = {
			isa = PBXContainerItemProxy;
			containerPortal = 4CE52D67270E96CA008D5981 /* Project object */;
			proxyType = 1;
			remoteGlobalIDString = 4C5FC896270EB85300B1C18A;
			remoteInfo = Peeler;
		};
		4CE91D702710C280000E4C50 /* PBXContainerItemProxy */ = {
			isa = PBXContainerItemProxy;
			containerPortal = 4CE52D67270E96CA008D5981 /* Project object */;
			proxyType = 1;
			remoteGlobalIDString = 4C906B88270FCB7D00A9D4E2;
			remoteInfo = "Module Builder";
		};
/* End PBXContainerItemProxy section */

/* Begin PBXCopyFilesBuildPhase section */
		4C906BB9270FE5C400A9D4E2 /* Embed Libraries */ = {
			isa = PBXCopyFilesBuildPhase;
			buildActionMask = 2147483647;
			dstPath = "";
			dstSubfolderSpec = 10;
			files = (
				4C906BB8270FE5C400A9D4E2 /* Counter.dylib in Embed Libraries */,
				4C906BBA270FE5C600A9D4E2 /* verilator.dylib in Embed Libraries */,
			);
			name = "Embed Libraries";
			runOnlyForDeploymentPostprocessing = 0;
		};
/* End PBXCopyFilesBuildPhase section */

/* Begin PBXFileReference section */
		4C26F6E72713E928005A059E /* SoftMemory.cpp */ = {isa = PBXFileReference; lastKnownFileType = sourcecode.cpp.cpp; path = SoftMemory.cpp; sourceTree = "<group>"; };
		4C26F6E82713E928005A059E /* UHRModuleSoftMemoryInterface.h */ = {isa = PBXFileReference; lastKnownFileType = sourcecode.c.h; path = UHRModuleSoftMemoryInterface.h; sourceTree = "<group>"; };
		4C26F6EA2713EC21005A059E /* UHRModuleDispatch.h */ = {isa = PBXFileReference; lastKnownFileType = sourcecode.c.h; path = UHRModuleDispatch.h; sourceTree = "<group>"; };
		4C26F6EC2713EE11005A059E /* UHRModuleDispatchManager.m */ = {isa = PBXFileReference; lastKnownFileType = sourcecode.c.objc; path = UHRModuleDispatchManager.m; sourceTree = "<group>"; };
		4C26F7342714D80B005A059E /* UHRModuleDispatchManager.h */ = {isa = PBXFileReference; lastKnownFileType = sourcecode.c.h; path = UHRModuleDispatchManager.h; sourceTree = "<group>"; };
		4C26F7352714E073005A059E /* UHRSoftRamModel.h */ = {isa = PBXFileReference; lastKnownFileType = sourcecode.c.h; path = UHRSoftRamModel.h; sourceTree = "<group>"; };
		4C26F7362714E073005A059E /* UHRSoftRamModel.m */ = {isa = PBXFileReference; lastKnownFileType = sourcecode.c.objc; path = UHRSoftRamModel.m; sourceTree = "<group>"; };
		4C26F7392714E227005A059E /* UHRModuleDispatchManagerTests.m */ = {isa = PBXFileReference; lastKnownFileType = sourcecode.c.objc; path = UHRModuleDispatchManagerTests.m; sourceTree = "<group>"; };
		4C26F73B271753C3005A059E /* UHRMemoryInterface.h */ = {isa = PBXFileReference; lastKnownFileType = sourcecode.c.h; path = UHRMemoryInterface.h; sourceTree = "<group>"; };
		4C5FC867270EB78200B1C18A /* Baked Potato.app */ = {isa = PBXFileReference; explicitFileType = wrapper.application; includeInIndex = 0; path = "Baked Potato.app"; sourceTree = BUILT_PRODUCTS_DIR; };
		4C5FC869270EB78200B1C18A /* AppDelegate.h */ = {isa = PBXFileReference; lastKnownFileType = sourcecode.c.h; path = AppDelegate.h; sourceTree = "<group>"; };
		4C5FC86A270EB78200B1C18A /* AppDelegate.m */ = {isa = PBXFileReference; lastKnownFileType = sourcecode.c.objc; path = AppDelegate.m; sourceTree = "<group>"; };
		4C5FC86C270EB78300B1C18A /* Assets.xcassets */ = {isa = PBXFileReference; lastKnownFileType = folder.assetcatalog; path = Assets.xcassets; sourceTree = "<group>"; };
		4C5FC86F270EB78300B1C18A /* Base */ = {isa = PBXFileReference; lastKnownFileType = file.xib; name = Base; path = Base.lproj/MainMenu.xib; sourceTree = "<group>"; };
		4C5FC871270EB78300B1C18A /* main.m */ = {isa = PBXFileReference; lastKnownFileType = sourcecode.c.objc; path = main.m; sourceTree = "<group>"; };
		4C5FC873270EB78300B1C18A /* PI_Sim.entitlements */ = {isa = PBXFileReference; lastKnownFileType = text.plist.entitlements; path = PI_Sim.entitlements; sourceTree = "<group>"; };
		4C5FC897270EB85300B1C18A /* libPeeler.dylib */ = {isa = PBXFileReference; explicitFileType = "compiled.mach-o.dylib"; includeInIndex = 0; path = libPeeler.dylib; sourceTree = BUILT_PRODUCTS_DIR; };
		4C5FC899270EB85300B1C18A /* UHRPeeler.h */ = {isa = PBXFileReference; lastKnownFileType = sourcecode.c.h; path = UHRPeeler.h; sourceTree = "<group>"; };
		4C5FC8AC270EB8BB00B1C18A /* libTestBench.dylib */ = {isa = PBXFileReference; explicitFileType = "compiled.mach-o.dylib"; includeInIndex = 0; path = libTestBench.dylib; sourceTree = BUILT_PRODUCTS_DIR; };
		4C5FC8AE270EB8BB00B1C18A /* UHRTestBench.h */ = {isa = PBXFileReference; lastKnownFileType = sourcecode.c.h; path = UHRTestBench.h; sourceTree = "<group>"; };
		4C5FC8B0270EB8BB00B1C18A /* UHRTestBench.m */ = {isa = PBXFileReference; lastKnownFileType = sourcecode.c.objc; path = UHRTestBench.m; sourceTree = "<group>"; };
		4C5FC8B5270EB94E00B1C18A /* README.md */ = {isa = PBXFileReference; lastKnownFileType = net.daringfireball.markdown; path = README.md; sourceTree = "<group>"; };
		4C5FC8B6270EB9E400B1C18A /* UHRModuleInterface.h */ = {isa = PBXFileReference; lastKnownFileType = sourcecode.c.h; path = UHRModuleInterface.h; sourceTree = "<group>"; };
		4C7107A5270EBCD200F2B687 /* UHRTestBenchScript.h */ = {isa = PBXFileReference; lastKnownFileType = sourcecode.c.h; path = UHRTestBenchScript.h; sourceTree = "<group>"; };
		4C7107A6270EBCD200F2B687 /* UHRTestBenchScript.m */ = {isa = PBXFileReference; lastKnownFileType = sourcecode.c.objc; path = UHRTestBenchScript.m; sourceTree = "<group>"; };
		4C7107AA270F256C00F2B687 /* XCTest.framework */ = {isa = PBXFileReference; lastKnownFileType = wrapper.framework; name = XCTest.framework; path = Platforms/MacOSX.platform/Developer/Library/Frameworks/XCTest.framework; sourceTree = DEVELOPER_DIR; };
		4C7107B3270F425300F2B687 /* UHRTestBenchTests.m */ = {isa = PBXFileReference; lastKnownFileType = sourcecode.c.objc; path = UHRTestBenchTests.m; sourceTree = "<group>"; };
		4C7107BA270F5E6B00F2B687 /* TestBenchTests.xctest */ = {isa = PBXFileReference; explicitFileType = wrapper.cfbundle; includeInIndex = 0; path = TestBenchTests.xctest; sourceTree = BUILT_PRODUCTS_DIR; };
		4C906B82270F850700A9D4E2 /* UHRTestBenchScriptTests.m */ = {isa = PBXFileReference; lastKnownFileType = sourcecode.c.objc; path = UHRTestBenchScriptTests.m; sourceTree = "<group>"; };
		4C906B87270FCB0100A9D4E2 /* Makefile */ = {isa = PBXFileReference; lastKnownFileType = sourcecode.make; path = Makefile; sourceTree = "<group>"; };
		4C906B8C270FCBDB00A9D4E2 /* build.sh */ = {isa = PBXFileReference; lastKnownFileType = text.script.sh; path = build.sh; sourceTree = "<group>"; };
		4C906B8D270FCCCD00A9D4E2 /* Counter.v */ = {isa = PBXFileReference; explicitFileType = text; path = Counter.v; sourceTree = "<group>"; };
		4C906B8E270FCF0A00A9D4E2 /* Counter.cpp */ = {isa = PBXFileReference; lastKnownFileType = sourcecode.cpp.cpp; path = Counter.cpp; sourceTree = "<group>"; };
		4C906B8F270FCF0A00A9D4E2 /* UHRModuleCounterInterface.h */ = {isa = PBXFileReference; lastKnownFileType = sourcecode.c.h; path = UHRModuleCounterInterface.h; sourceTree = "<group>"; };
		4C906B90270FD1B300A9D4E2 /* UHRPeelerTypes.h */ = {isa = PBXFileReference; lastKnownFileType = sourcecode.c.h; path = UHRPeelerTypes.h; sourceTree = "<group>"; };
		4C906B96270FD95E00A9D4E2 /* PeelerTests.xctest */ = {isa = PBXFileReference; explicitFileType = wrapper.cfbundle; includeInIndex = 0; path = PeelerTests.xctest; sourceTree = BUILT_PRODUCTS_DIR; };
		4C906BA3270FDC0200A9D4E2 /* Counter.dylib */ = {isa = PBXFileReference; lastKnownFileType = "compiled.mach-o.dylib"; path = Counter.dylib; sourceTree = "<group>"; };
		4C906BA5270FDCD800A9D4E2 /* libc++.tbd */ = {isa = PBXFileReference; lastKnownFileType = "sourcecode.text-based-dylib-definition"; name = "libc++.tbd"; path = "usr/lib/libc++.tbd"; sourceTree = SDKROOT; };
		4C906BA7270FDE3000A9D4E2 /* verilator.dylib */ = {isa = PBXFileReference; lastKnownFileType = "compiled.mach-o.dylib"; path = verilator.dylib; sourceTree = "<group>"; };
		4C906BAC270FDE8100A9D4E2 /* UHRModuleCounter.h */ = {isa = PBXFileReference; lastKnownFileType = sourcecode.c.h; path = UHRModuleCounter.h; sourceTree = "<group>"; };
		4C906BAD270FDE8100A9D4E2 /* UHRModuleCounter.m */ = {isa = PBXFileReference; lastKnownFileType = sourcecode.c.objc; path = UHRModuleCounter.m; sourceTree = "<group>"; };
		4C906BB1270FE2C000A9D4E2 /* UHRModuleCounterTests.m */ = {isa = PBXFileReference; lastKnownFileType = sourcecode.c.objc; path = UHRModuleCounterTests.m; sourceTree = "<group>"; };
		4CE91D6E2710B372000E4C50 /* TestPlan.xctestplan */ = {isa = PBXFileReference; lastKnownFileType = text; path = TestPlan.xctestplan; sourceTree = "<group>"; };
		4CE91D6F2710B4E1000E4C50 /* .gitignore */ = {isa = PBXFileReference; lastKnownFileType = text; path = .gitignore; sourceTree = "<group>"; };
		4CE91D752710FCF9000E4C50 /* SoftMemory.v */ = {isa = PBXFileReference; lastKnownFileType = text; path = SoftMemory.v; sourceTree = "<group>"; };
		4CE91D7727110026000E4C50 /* MemoryInterface.v */ = {isa = PBXFileReference; lastKnownFileType = text; path = MemoryInterface.v; sourceTree = "<group>"; };
		4CE91D7827110FF6000E4C50 /* ModuleDispatch.v */ = {isa = PBXFileReference; lastKnownFileType = text; path = ModuleDispatch.v; sourceTree = "<group>"; };
		4CFA10B3270F714F0061CF37 /* OCMock.framework */ = {isa = PBXFileReference; lastKnownFileType = wrapper.framework; name = OCMock.framework; path = /Library/Frameworks/OCMock.framework; sourceTree = "<absolute>"; };
/* End PBXFileReference section */

/* Begin PBXFrameworksBuildPhase section */
		4C5FC864270EB78200B1C18A /* Frameworks */ = {
			isa = PBXFrameworksBuildPhase;
			buildActionMask = 2147483647;
			files = (
			);
			runOnlyForDeploymentPostprocessing = 0;
		};
		4C5FC895270EB85300B1C18A /* Frameworks */ = {
			isa = PBXFrameworksBuildPhase;
			buildActionMask = 2147483647;
			files = (
				4C906BAA270FDE5800A9D4E2 /* verilator.dylib in Frameworks */,
				4C906BAB270FDE5A00A9D4E2 /* Counter.dylib in Frameworks */,
			);
			runOnlyForDeploymentPostprocessing = 0;
		};
		4C5FC8AA270EB8BB00B1C18A /* Frameworks */ = {
			isa = PBXFrameworksBuildPhase;
			buildActionMask = 2147483647;
			files = (
				4C7107AB270F256C00F2B687 /* XCTest.framework in Frameworks */,
			);
			runOnlyForDeploymentPostprocessing = 0;
		};
		4C7107B7270F5E6B00F2B687 /* Frameworks */ = {
			isa = PBXFrameworksBuildPhase;
			buildActionMask = 2147483647;
			files = (
				4CFA10B4270F714F0061CF37 /* OCMock.framework in Frameworks */,
				4C7107BE270F5E6B00F2B687 /* libTestBench.dylib in Frameworks */,
			);
			runOnlyForDeploymentPostprocessing = 0;
		};
		4C906B93270FD95E00A9D4E2 /* Frameworks */ = {
			isa = PBXFrameworksBuildPhase;
			buildActionMask = 2147483647;
			files = (
				4C906BA6270FDCD800A9D4E2 /* libc++.tbd in Frameworks */,
				4C906B9A270FD95E00A9D4E2 /* libPeeler.dylib in Frameworks */,
				4C906BB3270FE33600A9D4E2 /* libTestBench.dylib in Frameworks */,
			);
			runOnlyForDeploymentPostprocessing = 0;
		};
/* End PBXFrameworksBuildPhase section */

/* Begin PBXGroup section */
		4C26F6EE2713EE40005A059E /* Runtime */ = {
			isa = PBXGroup;
			children = (
				4C26F7342714D80B005A059E /* UHRModuleDispatchManager.h */,
				4C26F6EC2713EE11005A059E /* UHRModuleDispatchManager.m */,
				4C26F7352714E073005A059E /* UHRSoftRamModel.h */,
				4C26F7362714E073005A059E /* UHRSoftRamModel.m */,
			);
			name = Runtime;
			sourceTree = "<group>";
		};
		4C5FC862270EB74C00B1C18A /* Modules */ = {
			isa = PBXGroup;
			children = (
				4C906BA0270FD97A00A9D4E2 /* Object */,
				4CE91D762710FFEF000E4C50 /* Define */,
				4C906B86270FCA0E00A9D4E2 /* Description */,
				4C906B85270FCA0300A9D4E2 /* Header */,
				4C906B84270FC9EE00A9D4E2 /* Implementation */,
				4C906B87270FCB0100A9D4E2 /* Makefile */,
				4C906B8C270FCBDB00A9D4E2 /* build.sh */,
			);
			path = Modules;
			sourceTree = "<group>";
		};
		4C5FC868270EB78200B1C18A /* PI Sim */ = {
			isa = PBXGroup;
			children = (
				4C5FC869270EB78200B1C18A /* AppDelegate.h */,
				4C5FC86A270EB78200B1C18A /* AppDelegate.m */,
				4C5FC86C270EB78300B1C18A /* Assets.xcassets */,
				4C5FC86E270EB78300B1C18A /* MainMenu.xib */,
				4C5FC871270EB78300B1C18A /* main.m */,
				4C5FC873270EB78300B1C18A /* PI_Sim.entitlements */,
			);
			path = "PI Sim";
			sourceTree = "<group>";
		};
		4C5FC898270EB85300B1C18A /* Peeler */ = {
			isa = PBXGroup;
			children = (
				4C26F6EE2713EE40005A059E /* Runtime */,
				4C906BA4270FDCA400A9D4E2 /* Modules */,
				4C906B97270FD95E00A9D4E2 /* Tests */,
				4C5FC899270EB85300B1C18A /* UHRPeeler.h */,
				4C5FC8B6270EB9E400B1C18A /* UHRModuleInterface.h */,
				4C906B90270FD1B300A9D4E2 /* UHRPeelerTypes.h */,
			);
			path = Peeler;
			sourceTree = "<group>";
		};
		4C5FC8AD270EB8BB00B1C18A /* TestBench */ = {
			isa = PBXGroup;
			children = (
				4C7107B2270F422C00F2B687 /* Tests */,
				4C5FC8AE270EB8BB00B1C18A /* UHRTestBench.h */,
				4C5FC8B0270EB8BB00B1C18A /* UHRTestBench.m */,
				4C7107A5270EBCD200F2B687 /* UHRTestBenchScript.h */,
				4C7107A6270EBCD200F2B687 /* UHRTestBenchScript.m */,
			);
			path = TestBench;
			sourceTree = "<group>";
		};
		4C7107A9270F256C00F2B687 /* Frameworks */ = {
			isa = PBXGroup;
			children = (
				4C906BA5270FDCD800A9D4E2 /* libc++.tbd */,
				4CFA10B3270F714F0061CF37 /* OCMock.framework */,
				4C7107AA270F256C00F2B687 /* XCTest.framework */,
			);
			name = Frameworks;
			sourceTree = "<group>";
		};
		4C7107B2270F422C00F2B687 /* Tests */ = {
			isa = PBXGroup;
			children = (
				4C7107B3270F425300F2B687 /* UHRTestBenchTests.m */,
				4C906B82270F850700A9D4E2 /* UHRTestBenchScriptTests.m */,
			);
			name = Tests;
			sourceTree = "<group>";
		};
		4C906B84270FC9EE00A9D4E2 /* Implementation */ = {
			isa = PBXGroup;
			children = (
				4C906B8E270FCF0A00A9D4E2 /* Counter.cpp */,
				4C26F6E72713E928005A059E /* SoftMemory.cpp */,
			);
			name = Implementation;
			sourceTree = "<group>";
		};
		4C906B85270FCA0300A9D4E2 /* Header */ = {
			isa = PBXGroup;
			children = (
				4C906B8F270FCF0A00A9D4E2 /* UHRModuleCounterInterface.h */,
				4C26F6E82713E928005A059E /* UHRModuleSoftMemoryInterface.h */,
				4C26F6EA2713EC21005A059E /* UHRModuleDispatch.h */,
				4C26F73B271753C3005A059E /* UHRMemoryInterface.h */,
			);
			name = Header;
			sourceTree = "<group>";
		};
		4C906B86270FCA0E00A9D4E2 /* Description */ = {
			isa = PBXGroup;
			children = (
				4C906B8D270FCCCD00A9D4E2 /* Counter.v */,
				4CE91D752710FCF9000E4C50 /* SoftMemory.v */,
			);
			name = Description;
			sourceTree = "<group>";
		};
		4C906B97270FD95E00A9D4E2 /* Tests */ = {
			isa = PBXGroup;
			children = (
				4C906BB1270FE2C000A9D4E2 /* UHRModuleCounterTests.m */,
				4C26F7392714E227005A059E /* UHRModuleDispatchManagerTests.m */,
			);
			path = Tests;
			sourceTree = "<group>";
		};
		4C906BA0270FD97A00A9D4E2 /* Object */ = {
			isa = PBXGroup;
			children = (
				4C906BA7270FDE3000A9D4E2 /* verilator.dylib */,
				4C906BA3270FDC0200A9D4E2 /* Counter.dylib */,
			);
			name = Object;
			sourceTree = "<group>";
		};
		4C906BA4270FDCA400A9D4E2 /* Modules */ = {
			isa = PBXGroup;
			children = (
				4C906BAC270FDE8100A9D4E2 /* UHRModuleCounter.h */,
				4C906BAD270FDE8100A9D4E2 /* UHRModuleCounter.m */,
			);
			name = Modules;
			sourceTree = "<group>";
		};
		4CE52D66270E96CA008D5981 = {
			isa = PBXGroup;
			children = (
				4CE91D6F2710B4E1000E4C50 /* .gitignore */,
				4C5FC8B5270EB94E00B1C18A /* README.md */,
				4CE91D6E2710B372000E4C50 /* TestPlan.xctestplan */,
				4C5FC862270EB74C00B1C18A /* Modules */,
				4C5FC898270EB85300B1C18A /* Peeler */,
				4C5FC8AD270EB8BB00B1C18A /* TestBench */,
				4C5FC868270EB78200B1C18A /* PI Sim */,
				4CE52D70270E96CA008D5981 /* Products */,
				4C7107A9270F256C00F2B687 /* Frameworks */,
			);
			sourceTree = "<group>";
		};
		4CE52D70270E96CA008D5981 /* Products */ = {
			isa = PBXGroup;
			children = (
				4C5FC867270EB78200B1C18A /* Baked Potato.app */,
				4C5FC897270EB85300B1C18A /* libPeeler.dylib */,
				4C5FC8AC270EB8BB00B1C18A /* libTestBench.dylib */,
				4C7107BA270F5E6B00F2B687 /* TestBenchTests.xctest */,
				4C906B96270FD95E00A9D4E2 /* PeelerTests.xctest */,
			);
			name = Products;
			sourceTree = "<group>";
		};
		4CE91D762710FFEF000E4C50 /* Define */ = {
			isa = PBXGroup;
			children = (
				4CE91D7727110026000E4C50 /* MemoryInterface.v */,
				4CE91D7827110FF6000E4C50 /* ModuleDispatch.v */,
			);
			name = Define;
			sourceTree = "<group>";
		};
/* End PBXGroup section */

/* Begin PBXHeadersBuildPhase section */
		4C5FC893270EB85300B1C18A /* Headers */ = {
			isa = PBXHeadersBuildPhase;
			buildActionMask = 2147483647;
			files = (
				4C5FC8B7270EB9E400B1C18A /* UHRModuleInterface.h in Headers */,
				4C906BAE270FDE8100A9D4E2 /* UHRModuleCounter.h in Headers */,
				4C906B91270FD1B300A9D4E2 /* UHRPeelerTypes.h in Headers */,
				4C26F7372714E073005A059E /* UHRSoftRamModel.h in Headers */,
				4C906BB0270FE13E00A9D4E2 /* UHRModuleCounterInterface.h in Headers */,
				4C26F73C271753C3005A059E /* UHRMemoryInterface.h in Headers */,
				4C26F6EB2713EC21005A059E /* UHRModuleDispatch.h in Headers */,
				4C5FC89A270EB85300B1C18A /* UHRPeeler.h in Headers */,
				4C26F6E92713EA87005A059E /* UHRModuleSoftMemoryInterface.h in Headers */,
			);
			runOnlyForDeploymentPostprocessing = 0;
		};
		4C5FC8A8270EB8BB00B1C18A /* Headers */ = {
			isa = PBXHeadersBuildPhase;
			buildActionMask = 2147483647;
			files = (
				4C7107A7270EBCD200F2B687 /* UHRTestBenchScript.h in Headers */,
				4C5FC8AF270EB8BB00B1C18A /* UHRTestBench.h in Headers */,
			);
			runOnlyForDeploymentPostprocessing = 0;
		};
/* End PBXHeadersBuildPhase section */

/* Begin PBXLegacyTarget section */
		4C906B88270FCB7D00A9D4E2 /* Module Builder */ = {
			isa = PBXLegacyTarget;
			buildArgumentsString = build.sh;
			buildConfigurationList = 4C906B89270FCB7D00A9D4E2 /* Build configuration list for PBXLegacyTarget "Module Builder" */;
			buildPhases = (
			);
			buildToolPath = /bin/zsh;
			buildWorkingDirectory = "$(SRCROOT)/Modules";
			dependencies = (
			);
			name = "Module Builder";
			passBuildSettingsInEnvironment = 1;
			productName = "Module Builder";
		};
/* End PBXLegacyTarget section */

/* Begin PBXNativeTarget section */
		4C5FC866270EB78200B1C18A /* Baked Potato */ = {
			isa = PBXNativeTarget;
			buildConfigurationList = 4C5FC88A270EB78400B1C18A /* Build configuration list for PBXNativeTarget "Baked Potato" */;
			buildPhases = (
				4C5FC863270EB78200B1C18A /* Sources */,
				4C5FC864270EB78200B1C18A /* Frameworks */,
				4C5FC865270EB78200B1C18A /* Resources */,
			);
			buildRules = (
			);
			dependencies = (
			);
			name = "Baked Potato";
			productName = "PI Sim";
			productReference = 4C5FC867270EB78200B1C18A /* Baked Potato.app */;
			productType = "com.apple.product-type.application";
		};
		4C5FC896270EB85300B1C18A /* Peeler */ = {
			isa = PBXNativeTarget;
			buildConfigurationList = 4C5FC89D270EB85300B1C18A /* Build configuration list for PBXNativeTarget "Peeler" */;
			buildPhases = (
				4C5FC893270EB85300B1C18A /* Headers */,
				4C5FC894270EB85300B1C18A /* Sources */,
				4C5FC895270EB85300B1C18A /* Frameworks */,
				4C906BB9270FE5C400A9D4E2 /* Embed Libraries */,
			);
			buildRules = (
			);
			dependencies = (
				4CE91D712710C280000E4C50 /* PBXTargetDependency */,
			);
			name = Peeler;
			productName = Peeler;
			productReference = 4C5FC897270EB85300B1C18A /* libPeeler.dylib */;
			productType = "com.apple.product-type.library.dynamic";
		};
		4C5FC8AB270EB8BB00B1C18A /* TestBench */ = {
			isa = PBXNativeTarget;
			buildConfigurationList = 4C5FC8B2270EB8BB00B1C18A /* Build configuration list for PBXNativeTarget "TestBench" */;
			buildPhases = (
				4C5FC8A8270EB8BB00B1C18A /* Headers */,
				4C5FC8A9270EB8BB00B1C18A /* Sources */,
				4C5FC8AA270EB8BB00B1C18A /* Frameworks */,
			);
			buildRules = (
			);
			dependencies = (
				4C7107A4270EBBA800F2B687 /* PBXTargetDependency */,
			);
			name = TestBench;
			productName = TestBench;
			productReference = 4C5FC8AC270EB8BB00B1C18A /* libTestBench.dylib */;
			productType = "com.apple.product-type.library.dynamic";
		};
		4C7107B9270F5E6B00F2B687 /* TestBenchTests */ = {
			isa = PBXNativeTarget;
			buildConfigurationList = 4C7107C1270F5E6B00F2B687 /* Build configuration list for PBXNativeTarget "TestBenchTests" */;
			buildPhases = (
				4C7107B6270F5E6B00F2B687 /* Sources */,
				4C7107B7270F5E6B00F2B687 /* Frameworks */,
				4C7107B8270F5E6B00F2B687 /* Resources */,
			);
			buildRules = (
			);
			dependencies = (
				4C7107C0270F5E6B00F2B687 /* PBXTargetDependency */,
			);
			name = TestBenchTests;
			productName = TestBenchTests;
			productReference = 4C7107BA270F5E6B00F2B687 /* TestBenchTests.xctest */;
			productType = "com.apple.product-type.bundle.unit-test";
		};
		4C906B95270FD95E00A9D4E2 /* PeelerTests */ = {
			isa = PBXNativeTarget;
			buildConfigurationList = 4C906B9D270FD95E00A9D4E2 /* Build configuration list for PBXNativeTarget "PeelerTests" */;
			buildPhases = (
				4C906B92270FD95E00A9D4E2 /* Sources */,
				4C906B93270FD95E00A9D4E2 /* Frameworks */,
				4C906B94270FD95E00A9D4E2 /* Resources */,
			);
			buildRules = (
			);
			dependencies = (
				4C906B9C270FD95E00A9D4E2 /* PBXTargetDependency */,
			);
			name = PeelerTests;
			productName = PeelerTests;
			productReference = 4C906B96270FD95E00A9D4E2 /* PeelerTests.xctest */;
			productType = "com.apple.product-type.bundle.unit-test";
		};
/* End PBXNativeTarget section */

/* Begin PBXProject section */
		4CE52D67270E96CA008D5981 /* Project object */ = {
			isa = PBXProject;
			attributes = {
				BuildIndependentTargetsInParallel = 1;
				CLASSPREFIX = UHR;
				LastUpgradeCheck = 1300;
				ORGANIZATIONNAME = Uhura;
				TargetAttributes = {
					4C5FC866270EB78200B1C18A = {
						CreatedOnToolsVersion = 13.0;
					};
					4C5FC896270EB85300B1C18A = {
						CreatedOnToolsVersion = 13.0;
					};
					4C5FC8AB270EB8BB00B1C18A = {
						CreatedOnToolsVersion = 13.0;
					};
					4C7107B9270F5E6B00F2B687 = {
						CreatedOnToolsVersion = 13.0;
					};
					4C906B88270FCB7D00A9D4E2 = {
						CreatedOnToolsVersion = 13.0;
					};
					4C906B95270FD95E00A9D4E2 = {
						CreatedOnToolsVersion = 13.0;
					};
				};
			};
			buildConfigurationList = 4CE52D6A270E96CA008D5981 /* Build configuration list for PBXProject "PotatoChip" */;
			compatibilityVersion = "Xcode 13.0";
			developmentRegion = en;
			hasScannedForEncodings = 0;
			knownRegions = (
				en,
				Base,
			);
			mainGroup = 4CE52D66270E96CA008D5981;
			productRefGroup = 4CE52D70270E96CA008D5981 /* Products */;
			projectDirPath = "";
			projectRoot = "";
			targets = (
				4C5FC866270EB78200B1C18A /* Baked Potato */,
				4C5FC896270EB85300B1C18A /* Peeler */,
				4C5FC8AB270EB8BB00B1C18A /* TestBench */,
				4C7107B9270F5E6B00F2B687 /* TestBenchTests */,
				4C906B95270FD95E00A9D4E2 /* PeelerTests */,
				4C906B88270FCB7D00A9D4E2 /* Module Builder */,
			);
		};
/* End PBXProject section */

/* Begin PBXResourcesBuildPhase section */
		4C5FC865270EB78200B1C18A /* Resources */ = {
			isa = PBXResourcesBuildPhase;
			buildActionMask = 2147483647;
			files = (
				4C5FC86D270EB78300B1C18A /* Assets.xcassets in Resources */,
				4C5FC870270EB78300B1C18A /* MainMenu.xib in Resources */,
			);
			runOnlyForDeploymentPostprocessing = 0;
		};
		4C7107B8270F5E6B00F2B687 /* Resources */ = {
			isa = PBXResourcesBuildPhase;
			buildActionMask = 2147483647;
			files = (
			);
			runOnlyForDeploymentPostprocessing = 0;
		};
		4C906B94270FD95E00A9D4E2 /* Resources */ = {
			isa = PBXResourcesBuildPhase;
			buildActionMask = 2147483647;
			files = (
			);
			runOnlyForDeploymentPostprocessing = 0;
		};
/* End PBXResourcesBuildPhase section */

/* Begin PBXSourcesBuildPhase section */
		4C5FC863270EB78200B1C18A /* Sources */ = {
			isa = PBXSourcesBuildPhase;
			buildActionMask = 2147483647;
			files = (
				4C5FC872270EB78300B1C18A /* main.m in Sources */,
				4C5FC86B270EB78200B1C18A /* AppDelegate.m in Sources */,
			);
			runOnlyForDeploymentPostprocessing = 0;
		};
		4C5FC894270EB85300B1C18A /* Sources */ = {
			isa = PBXSourcesBuildPhase;
			buildActionMask = 2147483647;
			files = (
				4C906BAF270FDE8100A9D4E2 /* UHRModuleCounter.m in Sources */,
				4C26F7382714E073005A059E /* UHRSoftRamModel.m in Sources */,
				4C26F6ED2713EE11005A059E /* UHRModuleDispatchManager.m in Sources */,
			);
			runOnlyForDeploymentPostprocessing = 0;
		};
		4C5FC8A9270EB8BB00B1C18A /* Sources */ = {
			isa = PBXSourcesBuildPhase;
			buildActionMask = 2147483647;
			files = (
				4C5FC8B1270EB8BB00B1C18A /* UHRTestBench.m in Sources */,
				4C7107A8270EBCD200F2B687 /* UHRTestBenchScript.m in Sources */,
			);
			runOnlyForDeploymentPostprocessing = 0;
		};
		4C7107B6270F5E6B00F2B687 /* Sources */ = {
			isa = PBXSourcesBuildPhase;
			buildActionMask = 2147483647;
			files = (
				4C7107C4270F5E7200F2B687 /* UHRTestBenchTests.m in Sources */,
				4C906B83270F850700A9D4E2 /* UHRTestBenchScriptTests.m in Sources */,
			);
			runOnlyForDeploymentPostprocessing = 0;
		};
		4C906B92270FD95E00A9D4E2 /* Sources */ = {
			isa = PBXSourcesBuildPhase;
			buildActionMask = 2147483647;
			files = (
				4C906BB2270FE2C000A9D4E2 /* UHRModuleCounterTests.m in Sources */,
				4C26F73A2714E227005A059E /* UHRModuleDispatchManagerTests.m in Sources */,
			);
			runOnlyForDeploymentPostprocessing = 0;
		};
/* End PBXSourcesBuildPhase section */

/* Begin PBXTargetDependency section */
		4C7107A4270EBBA800F2B687 /* PBXTargetDependency */ = {
			isa = PBXTargetDependency;
			target = 4C5FC896270EB85300B1C18A /* Peeler */;
			targetProxy = 4C7107A3270EBBA800F2B687 /* PBXContainerItemProxy */;
		};
		4C7107C0270F5E6B00F2B687 /* PBXTargetDependency */ = {
			isa = PBXTargetDependency;
			target = 4C5FC8AB270EB8BB00B1C18A /* TestBench */;
			targetProxy = 4C7107BF270F5E6B00F2B687 /* PBXContainerItemProxy */;
		};
		4C906B9C270FD95E00A9D4E2 /* PBXTargetDependency */ = {
			isa = PBXTargetDependency;
			target = 4C5FC896270EB85300B1C18A /* Peeler */;
			targetProxy = 4C906B9B270FD95E00A9D4E2 /* PBXContainerItemProxy */;
		};
		4CE91D712710C280000E4C50 /* PBXTargetDependency */ = {
			isa = PBXTargetDependency;
			target = 4C906B88270FCB7D00A9D4E2 /* Module Builder */;
			targetProxy = 4CE91D702710C280000E4C50 /* PBXContainerItemProxy */;
		};
/* End PBXTargetDependency section */

/* Begin PBXVariantGroup section */
		4C5FC86E270EB78300B1C18A /* MainMenu.xib */ = {
			isa = PBXVariantGroup;
			children = (
				4C5FC86F270EB78300B1C18A /* Base */,
			);
			name = MainMenu.xib;
			sourceTree = "<group>";
		};
/* End PBXVariantGroup section */

/* Begin XCBuildConfiguration section */
		4C5FC88B270EB78400B1C18A /* Debug */ = {
			isa = XCBuildConfiguration;
			buildSettings = {
				ASSETCATALOG_COMPILER_APPICON_NAME = AppIcon;
				ASSETCATALOG_COMPILER_GLOBAL_ACCENT_COLOR_NAME = AccentColor;
				CODE_SIGN_ENTITLEMENTS = "PI Sim/PI_Sim.entitlements";
				CODE_SIGN_STYLE = Manual;
				COMBINE_HIDPI_IMAGES = YES;
				CURRENT_PROJECT_VERSION = 1;
				DEVELOPMENT_TEAM = "";
				ENABLE_HARDENED_RUNTIME = NO;
				GENERATE_INFOPLIST_FILE = YES;
				INFOPLIST_KEY_NSHumanReadableCopyright = "";
				INFOPLIST_KEY_NSMainNibFile = MainMenu;
				INFOPLIST_KEY_NSPrincipalClass = NSApplication;
				LD_RUNPATH_SEARCH_PATHS = (
					"$(inherited)",
					"@executable_path/../Frameworks",
				);
				MARKETING_VERSION = 1.0;
				PRODUCT_BUNDLE_IDENTIFIER = "cc.uhura.PI-Sim";
				PRODUCT_NAME = "$(TARGET_NAME)";
				PROVISIONING_PROFILE_SPECIFIER = "";
				SWIFT_EMIT_LOC_STRINGS = YES;
			};
			name = Debug;
		};
		4C5FC88C270EB78400B1C18A /* Release */ = {
			isa = XCBuildConfiguration;
			buildSettings = {
				ASSETCATALOG_COMPILER_APPICON_NAME = AppIcon;
				ASSETCATALOG_COMPILER_GLOBAL_ACCENT_COLOR_NAME = AccentColor;
				CODE_SIGN_ENTITLEMENTS = "PI Sim/PI_Sim.entitlements";
				CODE_SIGN_STYLE = Manual;
				COMBINE_HIDPI_IMAGES = YES;
				CURRENT_PROJECT_VERSION = 1;
				DEVELOPMENT_TEAM = "";
				ENABLE_HARDENED_RUNTIME = NO;
				GENERATE_INFOPLIST_FILE = YES;
				INFOPLIST_KEY_NSHumanReadableCopyright = "";
				INFOPLIST_KEY_NSMainNibFile = MainMenu;
				INFOPLIST_KEY_NSPrincipalClass = NSApplication;
				LD_RUNPATH_SEARCH_PATHS = (
					"$(inherited)",
					"@executable_path/../Frameworks",
				);
				MARKETING_VERSION = 1.0;
				PRODUCT_BUNDLE_IDENTIFIER = "cc.uhura.PI-Sim";
				PRODUCT_NAME = "$(TARGET_NAME)";
				PROVISIONING_PROFILE_SPECIFIER = "";
				SWIFT_EMIT_LOC_STRINGS = YES;
			};
			name = Release;
		};
		4C5FC89E270EB85300B1C18A /* Debug */ = {
			isa = XCBuildConfiguration;
			buildSettings = {
				CODE_SIGN_IDENTITY = "-";
				CODE_SIGN_STYLE = Manual;
				DEVELOPMENT_TEAM = "";
				DYLIB_COMPATIBILITY_VERSION = 1;
				DYLIB_CURRENT_VERSION = 1;
				EXECUTABLE_PREFIX = lib;
				LIBRARY_SEARCH_PATHS = (
					"$(inherited)",
					"$(PROJECT_DIR)/Modules",
				);
				PRODUCT_NAME = "$(TARGET_NAME)";
				PROVISIONING_PROFILE_SPECIFIER = "";
				SKIP_INSTALL = YES;
			};
			name = Debug;
		};
		4C5FC89F270EB85300B1C18A /* Release */ = {
			isa = XCBuildConfiguration;
			buildSettings = {
				CODE_SIGN_IDENTITY = "-";
				CODE_SIGN_STYLE = Manual;
				DEVELOPMENT_TEAM = "";
				DYLIB_COMPATIBILITY_VERSION = 1;
				DYLIB_CURRENT_VERSION = 1;
				EXECUTABLE_PREFIX = lib;
				LIBRARY_SEARCH_PATHS = (
					"$(inherited)",
					"$(PROJECT_DIR)/Modules",
				);
				PRODUCT_NAME = "$(TARGET_NAME)";
				PROVISIONING_PROFILE_SPECIFIER = "";
				SKIP_INSTALL = YES;
			};
			name = Release;
		};
		4C5FC8B3270EB8BB00B1C18A /* Debug */ = {
			isa = XCBuildConfiguration;
			buildSettings = {
				CODE_SIGN_IDENTITY = "-";
				CODE_SIGN_STYLE = Manual;
				DEVELOPMENT_TEAM = "";
				DYLIB_COMPATIBILITY_VERSION = 1;
				DYLIB_CURRENT_VERSION = 1;
				EXECUTABLE_PREFIX = lib;
				PRODUCT_NAME = "$(TARGET_NAME)";
				PROVISIONING_PROFILE_SPECIFIER = "";
				SKIP_INSTALL = YES;
			};
			name = Debug;
		};
		4C5FC8B4270EB8BB00B1C18A /* Release */ = {
			isa = XCBuildConfiguration;
			buildSettings = {
				CODE_SIGN_IDENTITY = "-";
				CODE_SIGN_STYLE = Manual;
				DEVELOPMENT_TEAM = "";
				DYLIB_COMPATIBILITY_VERSION = 1;
				DYLIB_CURRENT_VERSION = 1;
				EXECUTABLE_PREFIX = lib;
				PRODUCT_NAME = "$(TARGET_NAME)";
				PROVISIONING_PROFILE_SPECIFIER = "";
				SKIP_INSTALL = YES;
			};
			name = Release;
		};
		4C7107C2270F5E6B00F2B687 /* Debug */ = {
			isa = XCBuildConfiguration;
			buildSettings = {
				CODE_SIGN_IDENTITY = "-";
				CODE_SIGN_STYLE = Manual;
				COMBINE_HIDPI_IMAGES = YES;
				CURRENT_PROJECT_VERSION = 1;
				DEVELOPMENT_TEAM = "";
				FRAMEWORK_SEARCH_PATHS = (
					"$(inherited)",
					"$(LOCAL_LIBRARY_DIR)/Frameworks",
				);
				GENERATE_INFOPLIST_FILE = YES;
				LD_RUNPATH_SEARCH_PATHS = (
					"$(inherited)",
					"@executable_path/../Frameworks",
					"@loader_path/../Frameworks",
					/Library/Frameworks,
				);
				MARKETING_VERSION = 1.0;
				PRODUCT_BUNDLE_IDENTIFIER = cc.uhura.TestBenchTests;
				PRODUCT_NAME = "$(TARGET_NAME)";
				PROVISIONING_PROFILE_SPECIFIER = "";
				SWIFT_EMIT_LOC_STRINGS = NO;
			};
			name = Debug;
		};
		4C7107C3270F5E6B00F2B687 /* Release */ = {
			isa = XCBuildConfiguration;
			buildSettings = {
				CODE_SIGN_IDENTITY = "-";
				CODE_SIGN_STYLE = Manual;
				COMBINE_HIDPI_IMAGES = YES;
				CURRENT_PROJECT_VERSION = 1;
				DEVELOPMENT_TEAM = "";
				FRAMEWORK_SEARCH_PATHS = (
					"$(inherited)",
					"$(LOCAL_LIBRARY_DIR)/Frameworks",
				);
				GENERATE_INFOPLIST_FILE = YES;
				LD_RUNPATH_SEARCH_PATHS = (
					"$(inherited)",
					"@executable_path/../Frameworks",
					"@loader_path/../Frameworks",
					/Library/Frameworks,
				);
				MARKETING_VERSION = 1.0;
				PRODUCT_BUNDLE_IDENTIFIER = cc.uhura.TestBenchTests;
				PRODUCT_NAME = "$(TARGET_NAME)";
				PROVISIONING_PROFILE_SPECIFIER = "";
				SWIFT_EMIT_LOC_STRINGS = NO;
			};
			name = Release;
		};
		4C906B8A270FCB7D00A9D4E2 /* Debug */ = {
			isa = XCBuildConfiguration;
			buildSettings = {
				CODE_SIGN_STYLE = Automatic;
				DEBUGGING_SYMBOLS = YES;
				DEBUG_INFORMATION_FORMAT = dwarf;
				DEVELOPMENT_TEAM = LDL4S5S8SE;
				GCC_GENERATE_DEBUGGING_SYMBOLS = YES;
				GCC_OPTIMIZATION_LEVEL = 0;
				OTHER_CFLAGS = "";
				OTHER_LDFLAGS = "";
				PRODUCT_NAME = "$(TARGET_NAME)";
			};
			name = Debug;
		};
		4C906B8B270FCB7D00A9D4E2 /* Release */ = {
			isa = XCBuildConfiguration;
			buildSettings = {
				CODE_SIGN_STYLE = Automatic;
				DEBUG_INFORMATION_FORMAT = "dwarf-with-dsym";
				DEVELOPMENT_TEAM = LDL4S5S8SE;
				OTHER_CFLAGS = "";
				OTHER_LDFLAGS = "";
				PRODUCT_NAME = "$(TARGET_NAME)";
			};
			name = Release;
		};
		4C906B9E270FD95E00A9D4E2 /* Debug */ = {
			isa = XCBuildConfiguration;
			buildSettings = {
				CODE_SIGN_IDENTITY = "-";
				CODE_SIGN_STYLE = Manual;
				COMBINE_HIDPI_IMAGES = YES;
				CURRENT_PROJECT_VERSION = 1;
				DEVELOPMENT_TEAM = "";
				GENERATE_INFOPLIST_FILE = YES;
				LD_RUNPATH_SEARCH_PATHS = (
					"$(inherited)",
					"@executable_path/../Frameworks",
					"@loader_path/../Frameworks",
				);
				LIBRARY_SEARCH_PATHS = (
					"$(inherited)",
					"$(PROJECT_DIR)/Modules",
				);
				MARKETING_VERSION = 1.0;
				PRODUCT_BUNDLE_IDENTIFIER = cc.uhura.PeelerTests;
				PRODUCT_NAME = "$(TARGET_NAME)";
				PROVISIONING_PROFILE_SPECIFIER = "";
				SWIFT_EMIT_LOC_STRINGS = NO;
			};
			name = Debug;
		};
		4C906B9F270FD95E00A9D4E2 /* Release */ = {
			isa = XCBuildConfiguration;
			buildSettings = {
				CODE_SIGN_IDENTITY = "-";
				CODE_SIGN_STYLE = Manual;
				COMBINE_HIDPI_IMAGES = YES;
				CURRENT_PROJECT_VERSION = 1;
				DEVELOPMENT_TEAM = "";
				GENERATE_INFOPLIST_FILE = YES;
				LD_RUNPATH_SEARCH_PATHS = (
					"$(inherited)",
					"@executable_path/../Frameworks",
					"@loader_path/../Frameworks",
				);
				LIBRARY_SEARCH_PATHS = (
					"$(inherited)",
					"$(PROJECT_DIR)/Modules",
				);
				MARKETING_VERSION = 1.0;
				PRODUCT_BUNDLE_IDENTIFIER = cc.uhura.PeelerTests;
				PRODUCT_NAME = "$(TARGET_NAME)";
				PROVISIONING_PROFILE_SPECIFIER = "";
				SWIFT_EMIT_LOC_STRINGS = NO;
			};
			name = Release;
		};
		4CE52D93270E96CC008D5981 /* Debug */ = {
			isa = XCBuildConfiguration;
			buildSettings = {
				ALWAYS_SEARCH_USER_PATHS = NO;
				CLANG_ANALYZER_NONNULL = YES;
				CLANG_ANALYZER_NUMBER_OBJECT_CONVERSION = YES_AGGRESSIVE;
				CLANG_CXX_LANGUAGE_STANDARD = "gnu++17";
				CLANG_CXX_LIBRARY = "libc++";
				CLANG_ENABLE_MODULES = YES;
				CLANG_ENABLE_OBJC_ARC = YES;
				CLANG_ENABLE_OBJC_WEAK = YES;
				CLANG_WARN_BLOCK_CAPTURE_AUTORELEASING = YES;
				CLANG_WARN_BOOL_CONVERSION = YES;
				CLANG_WARN_COMMA = YES;
				CLANG_WARN_CONSTANT_CONVERSION = YES;
				CLANG_WARN_DEPRECATED_OBJC_IMPLEMENTATIONS = YES;
				CLANG_WARN_DIRECT_OBJC_ISA_USAGE = YES_ERROR;
				CLANG_WARN_DOCUMENTATION_COMMENTS = YES;
				CLANG_WARN_EMPTY_BODY = YES;
				CLANG_WARN_ENUM_CONVERSION = YES;
				CLANG_WARN_INFINITE_RECURSION = YES;
				CLANG_WARN_INT_CONVERSION = YES;
				CLANG_WARN_NON_LITERAL_NULL_CONVERSION = YES;
				CLANG_WARN_OBJC_IMPLICIT_RETAIN_SELF = YES;
				CLANG_WARN_OBJC_LITERAL_CONVERSION = YES;
				CLANG_WARN_OBJC_ROOT_CLASS = YES_ERROR;
				CLANG_WARN_QUOTED_INCLUDE_IN_FRAMEWORK_HEADER = YES;
				CLANG_WARN_RANGE_LOOP_ANALYSIS = YES;
				CLANG_WARN_STRICT_PROTOTYPES = YES;
				CLANG_WARN_SUSPICIOUS_MOVE = YES;
				CLANG_WARN_UNGUARDED_AVAILABILITY = YES_AGGRESSIVE;
				CLANG_WARN_UNREACHABLE_CODE = YES;
				CLANG_WARN__DUPLICATE_METHOD_MATCH = YES;
				COPY_PHASE_STRIP = NO;
				DEBUG_INFORMATION_FORMAT = dwarf;
				ENABLE_STRICT_OBJC_MSGSEND = YES;
				ENABLE_TESTABILITY = YES;
				GCC_C_LANGUAGE_STANDARD = gnu11;
				GCC_DYNAMIC_NO_PIC = NO;
				GCC_NO_COMMON_BLOCKS = YES;
				GCC_OPTIMIZATION_LEVEL = 0;
				GCC_PREPROCESSOR_DEFINITIONS = (
					"DEBUG=1",
					"$(inherited)",
				);
				GCC_WARN_64_TO_32_BIT_CONVERSION = YES;
				GCC_WARN_ABOUT_RETURN_TYPE = YES_ERROR;
				GCC_WARN_UNDECLARED_SELECTOR = YES;
				GCC_WARN_UNINITIALIZED_AUTOS = YES_AGGRESSIVE;
				GCC_WARN_UNUSED_FUNCTION = YES;
				GCC_WARN_UNUSED_VARIABLE = YES;
				HEADER_SEARCH_PATHS = "";
				MACOSX_DEPLOYMENT_TARGET = 11.3;
				MTL_ENABLE_DEBUG_INFO = INCLUDE_SOURCE;
				MTL_FAST_MATH = YES;
				ONLY_ACTIVE_ARCH = YES;
				SDKROOT = macosx;
			};
			name = Debug;
		};
		4CE52D94270E96CC008D5981 /* Release */ = {
			isa = XCBuildConfiguration;
			buildSettings = {
				ALWAYS_SEARCH_USER_PATHS = NO;
				CLANG_ANALYZER_NONNULL = YES;
				CLANG_ANALYZER_NUMBER_OBJECT_CONVERSION = YES_AGGRESSIVE;
				CLANG_CXX_LANGUAGE_STANDARD = "gnu++17";
				CLANG_CXX_LIBRARY = "libc++";
				CLANG_ENABLE_MODULES = YES;
				CLANG_ENABLE_OBJC_ARC = YES;
				CLANG_ENABLE_OBJC_WEAK = YES;
				CLANG_WARN_BLOCK_CAPTURE_AUTORELEASING = YES;
				CLANG_WARN_BOOL_CONVERSION = YES;
				CLANG_WARN_COMMA = YES;
				CLANG_WARN_CONSTANT_CONVERSION = YES;
				CLANG_WARN_DEPRECATED_OBJC_IMPLEMENTATIONS = YES;
				CLANG_WARN_DIRECT_OBJC_ISA_USAGE = YES_ERROR;
				CLANG_WARN_DOCUMENTATION_COMMENTS = YES;
				CLANG_WARN_EMPTY_BODY = YES;
				CLANG_WARN_ENUM_CONVERSION = YES;
				CLANG_WARN_INFINITE_RECURSION = YES;
				CLANG_WARN_INT_CONVERSION = YES;
				CLANG_WARN_NON_LITERAL_NULL_CONVERSION = YES;
				CLANG_WARN_OBJC_IMPLICIT_RETAIN_SELF = YES;
				CLANG_WARN_OBJC_LITERAL_CONVERSION = YES;
				CLANG_WARN_OBJC_ROOT_CLASS = YES_ERROR;
				CLANG_WARN_QUOTED_INCLUDE_IN_FRAMEWORK_HEADER = YES;
				CLANG_WARN_RANGE_LOOP_ANALYSIS = YES;
				CLANG_WARN_STRICT_PROTOTYPES = YES;
				CLANG_WARN_SUSPICIOUS_MOVE = YES;
				CLANG_WARN_UNGUARDED_AVAILABILITY = YES_AGGRESSIVE;
				CLANG_WARN_UNREACHABLE_CODE = YES;
				CLANG_WARN__DUPLICATE_METHOD_MATCH = YES;
				COPY_PHASE_STRIP = NO;
				DEBUG_INFORMATION_FORMAT = "dwarf-with-dsym";
				ENABLE_NS_ASSERTIONS = NO;
				ENABLE_STRICT_OBJC_MSGSEND = YES;
				GCC_C_LANGUAGE_STANDARD = gnu11;
				GCC_NO_COMMON_BLOCKS = YES;
				GCC_WARN_64_TO_32_BIT_CONVERSION = YES;
				GCC_WARN_ABOUT_RETURN_TYPE = YES_ERROR;
				GCC_WARN_UNDECLARED_SELECTOR = YES;
				GCC_WARN_UNINITIALIZED_AUTOS = YES_AGGRESSIVE;
				GCC_WARN_UNUSED_FUNCTION = YES;
				GCC_WARN_UNUSED_VARIABLE = YES;
				HEADER_SEARCH_PATHS = "";
				MACOSX_DEPLOYMENT_TARGET = 11.3;
				MTL_ENABLE_DEBUG_INFO = NO;
				MTL_FAST_MATH = YES;
				SDKROOT = macosx;
			};
			name = Release;
		};
/* End XCBuildConfiguration section */

/* Begin XCConfigurationList section */
		4C5FC88A270EB78400B1C18A /* Build configuration list for PBXNativeTarget "Baked Potato" */ = {
			isa = XCConfigurationList;
			buildConfigurations = (
				4C5FC88B270EB78400B1C18A /* Debug */,
				4C5FC88C270EB78400B1C18A /* Release */,
			);
			defaultConfigurationIsVisible = 0;
			defaultConfigurationName = Release;
		};
		4C5FC89D270EB85300B1C18A /* Build configuration list for PBXNativeTarget "Peeler" */ = {
			isa = XCConfigurationList;
			buildConfigurations = (
				4C5FC89E270EB85300B1C18A /* Debug */,
				4C5FC89F270EB85300B1C18A /* Release */,
			);
			defaultConfigurationIsVisible = 0;
			defaultConfigurationName = Release;
		};
		4C5FC8B2270EB8BB00B1C18A /* Build configuration list for PBXNativeTarget "TestBench" */ = {
			isa = XCConfigurationList;
			buildConfigurations = (
				4C5FC8B3270EB8BB00B1C18A /* Debug */,
				4C5FC8B4270EB8BB00B1C18A /* Release */,
			);
			defaultConfigurationIsVisible = 0;
			defaultConfigurationName = Release;
		};
		4C7107C1270F5E6B00F2B687 /* Build configuration list for PBXNativeTarget "TestBenchTests" */ = {
			isa = XCConfigurationList;
			buildConfigurations = (
				4C7107C2270F5E6B00F2B687 /* Debug */,
				4C7107C3270F5E6B00F2B687 /* Release */,
			);
			defaultConfigurationIsVisible = 0;
			defaultConfigurationName = Release;
		};
		4C906B89270FCB7D00A9D4E2 /* Build configuration list for PBXLegacyTarget "Module Builder" */ = {
			isa = XCConfigurationList;
			buildConfigurations = (
				4C906B8A270FCB7D00A9D4E2 /* Debug */,
				4C906B8B270FCB7D00A9D4E2 /* Release */,
			);
			defaultConfigurationIsVisible = 0;
			defaultConfigurationName = Release;
		};
		4C906B9D270FD95E00A9D4E2 /* Build configuration list for PBXNativeTarget "PeelerTests" */ = {
			isa = XCConfigurationList;
			buildConfigurations = (
				4C906B9E270FD95E00A9D4E2 /* Debug */,
				4C906B9F270FD95E00A9D4E2 /* Release */,
			);
			defaultConfigurationIsVisible = 0;
			defaultConfigurationName = Release;
		};
		4CE52D6A270E96CA008D5981 /* Build configuration list for PBXProject "PotatoChip" */ = {
			isa = XCConfigurationList;
			buildConfigurations = (
				4CE52D93270E96CC008D5981 /* Debug */,
				4CE52D94270E96CC008D5981 /* Release */,
			);
			defaultConfigurationIsVisible = 0;
			defaultConfigurationName = Release;
		};
/* End XCConfigurationList section */
	};
	rootObject = 4CE52D67270E96CA008D5981 /* Project object */;
}
